PODS:
  - Cartography (4.0.0)
  - Macaw (0.9.9):
    - SWXMLHash
  - MKTween (4.1)
  - SwiftGen (6.5.1)
  - SWXMLHash (6.0.0)

DEPENDENCIES:
  - Cartography
  - Macaw
  - MKTween
  - SwiftGen

SPEC REPOS:
  trunk:
    - Cartography
    - Macaw
    - MKTween
    - SwiftGen
    - SWXMLHash

SPEC CHECKSUMS:
  Cartography: c5626d29056b20f1e95c017326ee4df57cc39ad8
  Macaw: d683339ff44d49c16776ec2bde7aecfd4ba2a3a4
  MKTween: 2a35a33dd9ad21a8ff16ab5ede150e9a69c85859
  SwiftGen: a6d22010845f08fe18fbdf3a07a8e380fd22e0ea
  SWXMLHash: 9d851ed3edf48ec2bd0db98f0cda0ad4136d75e3

PODFILE CHECKSUM: 0656f3944743b38bef8ee14e55a12db49b91b5c9

COCOAPODS: 1.11.2
